// !$*UTF8*$!
{
	archiveVersion = 1;
	classes = {
	};
	objectVersion = 56;
	objects = {

/* Begin PBXBuildFile section */
		2053F22D29E4ECF600E9925E /* LandmarksApp.swift in Sources */ = {isa = PBXBuildFile; fileRef = 2053F22C29E4ECF600E9925E /* LandmarksApp.swift */; };
		2053F22F29E4ECF600E9925E /* ContentView.swift in Sources */ = {isa = PBXBuildFile; fileRef = 2053F22E29E4ECF600E9925E /* ContentView.swift */; };
		2053F23129E4ECF700E9925E /* Assets.xcassets in Resources */ = {isa = PBXBuildFile; fileRef = 2053F23029E4ECF700E9925E /* Assets.xcassets */; };
		2053F23429E4ECF700E9925E /* Preview Assets.xcassets in Resources */ = {isa = PBXBuildFile; fileRef = 2053F23329E4ECF700E9925E /* Preview Assets.xcassets */; };
		2053F24129E4F47A00E9925E /* CircleImage.swift in Sources */ = {isa = PBXBuildFile; fileRef = 2053F24029E4F47A00E9925E /* CircleImage.swift */; };
		2053F24329E4F51600E9925E /* MapView.swift in Sources */ = {isa = PBXBuildFile; fileRef = 2053F24229E4F51600E9925E /* MapView.swift */; };
		2053F24529E8E78200E9925E /* turtlerock@2x.jpg in Resources */ = {isa = PBXBuildFile; fileRef = 2053F24429E8E78200E9925E /* turtlerock@2x.jpg */; };
		2053F24729E8E7FA00E9925E /* landmarkData.json in Resources */ = {isa = PBXBuildFile; fileRef = 2053F24629E8E7FA00E9925E /* landmarkData.json */; };
		2053F24929E8E81F00E9925E /* Landmark.swift in Sources */ = {isa = PBXBuildFile; fileRef = 2053F24829E8E81F00E9925E /* Landmark.swift */; };
		2053F25529E8E84300E9925E /* stmarylake@2x.jpg in Resources */ = {isa = PBXBuildFile; fileRef = 2053F24A29E8E84300E9925E /* stmarylake@2x.jpg */; };
		2053F25629E8E84300E9925E /* charleyrivers@2x.jpg in Resources */ = {isa = PBXBuildFile; fileRef = 2053F24B29E8E84300E9925E /* charleyrivers@2x.jpg */; };
		2053F25729E8E84300E9925E /* icybay@2x.jpg in Resources */ = {isa = PBXBuildFile; fileRef = 2053F24C29E8E84300E9925E /* icybay@2x.jpg */; };
		2053F25829E8E84300E9925E /* silversalmoncreek@2x.jpg in Resources */ = {isa = PBXBuildFile; fileRef = 2053F24D29E8E84300E9925E /* silversalmoncreek@2x.jpg */; };
		2053F25929E8E84300E9925E /* chincoteague@2x.jpg in Resources */ = {isa = PBXBuildFile; fileRef = 2053F24E29E8E84300E9925E /* chincoteague@2x.jpg */; };
		2053F25A29E8E84300E9925E /* lakemcdonald@2x.jpg in Resources */ = {isa = PBXBuildFile; fileRef = 2053F24F29E8E84300E9925E /* lakemcdonald@2x.jpg */; };
		2053F25B29E8E84300E9925E /* umbagog@2x.jpg in Resources */ = {isa = PBXBuildFile; fileRef = 2053F25029E8E84300E9925E /* umbagog@2x.jpg */; };
		2053F25C29E8E84300E9925E /* rainbowlake@2x.jpg in Resources */ = {isa = PBXBuildFile; fileRef = 2053F25129E8E84300E9925E /* rainbowlake@2x.jpg */; };
		2053F25D29E8E84300E9925E /* twinlake@2x.jpg in Resources */ = {isa = PBXBuildFile; fileRef = 2053F25229E8E84300E9925E /* twinlake@2x.jpg */; };
		2053F25E29E8E84300E9925E /* hiddenlake@2x.jpg in Resources */ = {isa = PBXBuildFile; fileRef = 2053F25329E8E84300E9925E /* hiddenlake@2x.jpg */; };
		2053F25F29E8E84300E9925E /* chilkoottrail@2x.jpg in Resources */ = {isa = PBXBuildFile; fileRef = 2053F25429E8E84300E9925E /* chilkoottrail@2x.jpg */; };
		2053F26129E8E99D00E9925E /* ModelData.swift in Sources */ = {isa = PBXBuildFile; fileRef = 2053F26029E8E99D00E9925E /* ModelData.swift */; };
		2053F26729E8EA9000E9925E /* LandmarkRow.swift in Sources */ = {isa = PBXBuildFile; fileRef = 2053F26629E8EA9000E9925E /* LandmarkRow.swift */; };
		2053F26B29E8EC6100E9925E /* LandmarkList.swift in Sources */ = {isa = PBXBuildFile; fileRef = 2053F26A29E8EC6100E9925E /* LandmarkList.swift */; };
		2053F26D29E8EDB900E9925E /* LandmarkDetail.swift in Sources */ = {isa = PBXBuildFile; fileRef = 2053F26C29E8EDB900E9925E /* LandmarkDetail.swift */; };
		2053F26F29E901D300E9925E /* FavoriteButton.swift in Sources */ = {isa = PBXBuildFile; fileRef = 2053F26E29E901D300E9925E /* FavoriteButton.swift */; };
/* End PBXBuildFile section */

/* Begin PBXFileReference section */
		2053F22929E4ECF600E9925E /* Landmarks.app */ = {isa = PBXFileReference; explicitFileType = wrapper.application; includeInIndex = 0; path = Landmarks.app; sourceTree = BUILT_PRODUCTS_DIR; };
		2053F22C29E4ECF600E9925E /* LandmarksApp.swift */ = {isa = PBXFileReference; lastKnownFileType = sourcecode.swift; path = LandmarksApp.swift; sourceTree = "<group>"; };
		2053F22E29E4ECF600E9925E /* ContentView.swift */ = {isa = PBXFileReference; lastKnownFileType = sourcecode.swift; path = ContentView.swift; sourceTree = "<group>"; };
		2053F23029E4ECF700E9925E /* Assets.xcassets */ = {isa = PBXFileReference; lastKnownFileType = folder.assetcatalog; path = Assets.xcassets; sourceTree = "<group>"; };
		2053F23329E4ECF700E9925E /* Preview Assets.xcassets */ = {isa = PBXFileReference; lastKnownFileType = folder.assetcatalog; path = "Preview Assets.xcassets"; sourceTree = "<group>"; };
		2053F24029E4F47A00E9925E /* CircleImage.swift */ = {isa = PBXFileReference; lastKnownFileType = sourcecode.swift; path = CircleImage.swift; sourceTree = "<group>"; };
		2053F24229E4F51600E9925E /* MapView.swift */ = {isa = PBXFileReference; lastKnownFileType = sourcecode.swift; path = MapView.swift; sourceTree = "<group>"; };
		2053F24429E8E78200E9925E /* turtlerock@2x.jpg */ = {isa = PBXFileReference; lastKnownFileType = image.jpeg; name = "turtlerock@2x.jpg"; path = "../../../../Downloads/CreatingAndCombiningViews/Resources/turtlerock@2x.jpg"; sourceTree = "<group>"; };
		2053F24629E8E7FA00E9925E /* landmarkData.json */ = {isa = PBXFileReference; fileEncoding = 4; lastKnownFileType = text.json; path = landmarkData.json; sourceTree = "<group>"; };
		2053F24829E8E81F00E9925E /* Landmark.swift */ = {isa = PBXFileReference; lastKnownFileType = sourcecode.swift; path = Landmark.swift; sourceTree = "<group>"; };
		2053F24A29E8E84300E9925E /* stmarylake@2x.jpg */ = {isa = PBXFileReference; lastKnownFileType = image.jpeg; path = "stmarylake@2x.jpg"; sourceTree = "<group>"; };
		2053F24B29E8E84300E9925E /* charleyrivers@2x.jpg */ = {isa = PBXFileReference; lastKnownFileType = image.jpeg; path = "charleyrivers@2x.jpg"; sourceTree = "<group>"; };
		2053F24C29E8E84300E9925E /* icybay@2x.jpg */ = {isa = PBXFileReference; lastKnownFileType = image.jpeg; path = "icybay@2x.jpg"; sourceTree = "<group>"; };
		2053F24D29E8E84300E9925E /* silversalmoncreek@2x.jpg */ = {isa = PBXFileReference; lastKnownFileType = image.jpeg; path = "silversalmoncreek@2x.jpg"; sourceTree = "<group>"; };
		2053F24E29E8E84300E9925E /* chincoteague@2x.jpg */ = {isa = PBXFileReference; lastKnownFileType = image.jpeg; path = "chincoteague@2x.jpg"; sourceTree = "<group>"; };
		2053F24F29E8E84300E9925E /* lakemcdonald@2x.jpg */ = {isa = PBXFileReference; lastKnownFileType = image.jpeg; path = "lakemcdonald@2x.jpg"; sourceTree = "<group>"; };
		2053F25029E8E84300E9925E /* umbagog@2x.jpg */ = {isa = PBXFileReference; lastKnownFileType = image.jpeg; path = "umbagog@2x.jpg"; sourceTree = "<group>"; };
		2053F25129E8E84300E9925E /* rainbowlake@2x.jpg */ = {isa = PBXFileReference; lastKnownFileType = image.jpeg; path = "rainbowlake@2x.jpg"; sourceTree = "<group>"; };
		2053F25229E8E84300E9925E /* twinlake@2x.jpg */ = {isa = PBXFileReference; lastKnownFileType = image.jpeg; path = "twinlake@2x.jpg"; sourceTree = "<group>"; };
		2053F25329E8E84300E9925E /* hiddenlake@2x.jpg */ = {isa = PBXFileReference; lastKnownFileType = image.jpeg; path = "hiddenlake@2x.jpg"; sourceTree = "<group>"; };
		2053F25429E8E84300E9925E /* chilkoottrail@2x.jpg */ = {isa = PBXFileReference; lastKnownFileType = image.jpeg; path = "chilkoottrail@2x.jpg"; sourceTree = "<group>"; };
		2053F26029E8E99D00E9925E /* ModelData.swift */ = {isa = PBXFileReference; lastKnownFileType = sourcecode.swift; path = ModelData.swift; sourceTree = "<group>"; };
		2053F26629E8EA9000E9925E /* LandmarkRow.swift */ = {isa = PBXFileReference; lastKnownFileType = sourcecode.swift; path = LandmarkRow.swift; sourceTree = "<group>"; };
		2053F26A29E8EC6100E9925E /* LandmarkList.swift */ = {isa = PBXFileReference; lastKnownFileType = sourcecode.swift; path = LandmarkList.swift; sourceTree = "<group>"; };
		2053F26C29E8EDB900E9925E /* LandmarkDetail.swift */ = {isa = PBXFileReference; lastKnownFileType = sourcecode.swift; path = LandmarkDetail.swift; sourceTree = "<group>"; };
		2053F26E29E901D300E9925E /* FavoriteButton.swift */ = {isa = PBXFileReference; lastKnownFileType = sourcecode.swift; path = FavoriteButton.swift; sourceTree = "<group>"; };
/* End PBXFileReference section */

/* Begin PBXFrameworksBuildPhase section */
		2053F22629E4ECF600E9925E /* Frameworks */ = {
			isa = PBXFrameworksBuildPhase;
			buildActionMask = 2147483647;
			files = (
			);
			runOnlyForDeploymentPostprocessing = 0;
		};
/* End PBXFrameworksBuildPhase section */

/* Begin PBXGroup section */
		2053F22029E4ECF600E9925E = {
			isa = PBXGroup;
			children = (
				2053F22B29E4ECF600E9925E /* Landmarks */,
				2053F22A29E4ECF600E9925E /* Products */,
			);
			sourceTree = "<group>";
		};
		2053F22A29E4ECF600E9925E /* Products */ = {
			isa = PBXGroup;
			children = (
				2053F22929E4ECF600E9925E /* Landmarks.app */,
			);
			name = Products;
			sourceTree = "<group>";
		};
		2053F22B29E4ECF600E9925E /* Landmarks */ = {
			isa = PBXGroup;
			children = (
				2053F22C29E4ECF600E9925E /* LandmarksApp.swift */,
				2053F26529E8EA3600E9925E /* Resources */,
				2053F26429E8EA2400E9925E /* Model */,
				2053F26229E8E9FF00E9925E /* Views */,
				2053F24B29E8E84300E9925E /* charleyrivers@2x.jpg */,
				2053F25429E8E84300E9925E /* chilkoottrail@2x.jpg */,
				2053F24E29E8E84300E9925E /* chincoteague@2x.jpg */,
				2053F25329E8E84300E9925E /* hiddenlake@2x.jpg */,
				2053F24C29E8E84300E9925E /* icybay@2x.jpg */,
				2053F24F29E8E84300E9925E /* lakemcdonald@2x.jpg */,
				2053F25129E8E84300E9925E /* rainbowlake@2x.jpg */,
				2053F24D29E8E84300E9925E /* silversalmoncreek@2x.jpg */,
				2053F24A29E8E84300E9925E /* stmarylake@2x.jpg */,
				2053F25229E8E84300E9925E /* twinlake@2x.jpg */,
				2053F25029E8E84300E9925E /* umbagog@2x.jpg */,
				2053F24429E8E78200E9925E /* turtlerock@2x.jpg */,
				2053F23029E4ECF700E9925E /* Assets.xcassets */,
				2053F23229E4ECF700E9925E /* Preview Content */,
			);
			path = Landmarks;
			sourceTree = "<group>";
		};
		2053F23229E4ECF700E9925E /* Preview Content */ = {
			isa = PBXGroup;
			children = (
				2053F23329E4ECF700E9925E /* Preview Assets.xcassets */,
			);
			path = "Preview Content";
			sourceTree = "<group>";
		};
		2053F26229E8E9FF00E9925E /* Views */ = {
			isa = PBXGroup;
			children = (
				2053F27129E9025500E9925E /* Helpers */,
				2053F27029E9024500E9925E /* Landmarks */,
				2053F22E29E4ECF600E9925E /* ContentView.swift */,
			);
			path = Views;
			sourceTree = "<group>";
		};
		2053F26429E8EA2400E9925E /* Model */ = {
			isa = PBXGroup;
			children = (
				2053F26029E8E99D00E9925E /* ModelData.swift */,
				2053F24829E8E81F00E9925E /* Landmark.swift */,
			);
			path = Model;
			sourceTree = "<group>";
		};
		2053F26529E8EA3600E9925E /* Resources */ = {
			isa = PBXGroup;
			children = (
				2053F24629E8E7FA00E9925E /* landmarkData.json */,
			);
			path = Resources;
			sourceTree = "<group>";
		};
		2053F27029E9024500E9925E /* Landmarks */ = {
			isa = PBXGroup;
			children = (
				2053F26A29E8EC6100E9925E /* LandmarkList.swift */,
				2053F26C29E8EDB900E9925E /* LandmarkDetail.swift */,
				2053F26629E8EA9000E9925E /* LandmarkRow.swift */,
			);
			path = Landmarks;
			sourceTree = "<group>";
		};
		2053F27129E9025500E9925E /* Helpers */ = {
			isa = PBXGroup;
			children = (
				2053F24229E4F51600E9925E /* MapView.swift */,
				2053F26E29E901D300E9925E /* FavoriteButton.swift */,
				2053F24029E4F47A00E9925E /* CircleImage.swift */,
			);
			path = Helpers;
			sourceTree = "<group>";
		};
/* End PBXGroup section */

/* Begin PBXNativeTarget section */
		2053F22829E4ECF600E9925E /* Landmarks */ = {
			isa = PBXNativeTarget;
			buildConfigurationList = 2053F23729E4ECF700E9925E /* Build configuration list for PBXNativeTarget "Landmarks" */;
			buildPhases = (
				2053F22529E4ECF600E9925E /* Sources */,
				2053F22629E4ECF600E9925E /* Frameworks */,
				2053F22729E4ECF600E9925E /* Resources */,
			);
			buildRules = (
			);
			dependencies = (
			);
			name = Landmarks;
			productName = Landmarks;
			productReference = 2053F22929E4ECF600E9925E /* Landmarks.app */;
			productType = "com.apple.product-type.application";
		};
/* End PBXNativeTarget section */

/* Begin PBXProject section */
		2053F22129E4ECF600E9925E /* Project object */ = {
			isa = PBXProject;
			attributes = {
				BuildIndependentTargetsInParallel = 1;
				LastSwiftUpdateCheck = 1430;
				LastUpgradeCheck = 1430;
				TargetAttributes = {
					2053F22829E4ECF600E9925E = {
						CreatedOnToolsVersion = 14.3;
					};
				};
			};
			buildConfigurationList = 2053F22429E4ECF600E9925E /* Build configuration list for PBXProject "Landmarks" */;
			compatibilityVersion = "Xcode 14.0";
			developmentRegion = en;
			hasScannedForEncodings = 0;
			knownRegions = (
				en,
				Base,
			);
			mainGroup = 2053F22029E4ECF600E9925E;
			productRefGroup = 2053F22A29E4ECF600E9925E /* Products */;
			projectDirPath = "";
			projectRoot = "";
			targets = (
				2053F22829E4ECF600E9925E /* Landmarks */,
			);
		};
/* End PBXProject section */

/* Begin PBXResourcesBuildPhase section */
		2053F22729E4ECF600E9925E /* Resources */ = {
			isa = PBXResourcesBuildPhase;
			buildActionMask = 2147483647;
			files = (
				2053F25D29E8E84300E9925E /* twinlake@2x.jpg in Resources */,
				2053F25E29E8E84300E9925E /* hiddenlake@2x.jpg in Resources */,
				2053F24529E8E78200E9925E /* turtlerock@2x.jpg in Resources */,
				2053F24729E8E7FA00E9925E /* landmarkData.json in Resources */,
				2053F25929E8E84300E9925E /* chincoteague@2x.jpg in Resources */,
				2053F25829E8E84300E9925E /* silversalmoncreek@2x.jpg in Resources */,
				2053F25629E8E84300E9925E /* charleyrivers@2x.jpg in Resources */,
				2053F23429E4ECF700E9925E /* Preview Assets.xcassets in Resources */,
				2053F25729E8E84300E9925E /* icybay@2x.jpg in Resources */,
				2053F25F29E8E84300E9925E /* chilkoottrail@2x.jpg in Resources */,
				2053F25A29E8E84300E9925E /* lakemcdonald@2x.jpg in Resources */,
				2053F25B29E8E84300E9925E /* umbagog@2x.jpg in Resources */,
				2053F23129E4ECF700E9925E /* Assets.xcassets in Resources */,
				2053F25C29E8E84300E9925E /* rainbowlake@2x.jpg in Resources */,
				2053F25529E8E84300E9925E /* stmarylake@2x.jpg in Resources */,
			);
			runOnlyForDeploymentPostprocessing = 0;
		};
/* End PBXResourcesBuildPhase section */

/* Begin PBXSourcesBuildPhase section */
		2053F22529E4ECF600E9925E /* Sources */ = {
			isa = PBXSourcesBuildPhase;
			buildActionMask = 2147483647;
			files = (
				2053F22F29E4ECF600E9925E /* ContentView.swift in Sources */,
				2053F24329E4F51600E9925E /* MapView.swift in Sources */,
				2053F22D29E4ECF600E9925E /* LandmarksApp.swift in Sources */,
				2053F26F29E901D300E9925E /* FavoriteButton.swift in Sources */,
				2053F26B29E8EC6100E9925E /* LandmarkList.swift in Sources */,
				2053F26D29E8EDB900E9925E /* LandmarkDetail.swift in Sources */,
				2053F24129E4F47A00E9925E /* CircleImage.swift in Sources */,
				2053F24929E8E81F00E9925E /* Landmark.swift in Sources */,
				2053F26729E8EA9000E9925E /* LandmarkRow.swift in Sources */,
				2053F26129E8E99D00E9925E /* ModelData.swift in Sources */,
			);
			runOnlyForDeploymentPostprocessing = 0;
		};
/* End PBXSourcesBuildPhase section */

/* Begin XCBuildConfiguration section */
		2053F23529E4ECF700E9925E /* Debug */ = {
			isa = XCBuildConfiguration;
			buildSettings = {
				ALWAYS_SEARCH_USER_PATHS = NO;
				CLANG_ANALYZER_NONNULL = YES;
				CLANG_ANALYZER_NUMBER_OBJECT_CONVERSION = YES_AGGRESSIVE;
				CLANG_CXX_LANGUAGE_STANDARD = "gnu++20";
				CLANG_ENABLE_MODULES = YES;
				CLANG_ENABLE_OBJC_ARC = YES;
				CLANG_ENABLE_OBJC_WEAK = YES;
				CLANG_WARN_BLOCK_CAPTURE_AUTORELEASING = YES;
				CLANG_WARN_BOOL_CONVERSION = YES;
				CLANG_WARN_COMMA = YES;
				CLANG_WARN_CONSTANT_CONVERSION = YES;
				CLANG_WARN_DEPRECATED_OBJC_IMPLEMENTATIONS = YES;
				CLANG_WARN_DIRECT_OBJC_ISA_USAGE = YES_ERROR;
				CLANG_WARN_DOCUMENTATION_COMMENTS = YES;
				CLANG_WARN_EMPTY_BODY = YES;
				CLANG_WARN_ENUM_CONVERSION = YES;
				CLANG_WARN_INFINITE_RECURSION = YES;
				CLANG_WARN_INT_CONVERSION = YES;
				CLANG_WARN_NON_LITERAL_NULL_CONVERSION = YES;
				CLANG_WARN_OBJC_IMPLICIT_RETAIN_SELF = YES;
				CLANG_WARN_OBJC_LITERAL_CONVERSION = YES;
				CLANG_WARN_OBJC_ROOT_CLASS = YES_ERROR;
				CLANG_WARN_QUOTED_INCLUDE_IN_FRAMEWORK_HEADER = YES;
				CLANG_WARN_RANGE_LOOP_ANALYSIS = YES;
				CLANG_WARN_STRICT_PROTOTYPES = YES;
				CLANG_WARN_SUSPICIOUS_MOVE = YES;
				CLANG_WARN_UNGUARDED_AVAILABILITY = YES_AGGRESSIVE;
				CLANG_WARN_UNREACHABLE_CODE = YES;
				CLANG_WARN__DUPLICATE_METHOD_MATCH = YES;
				COPY_PHASE_STRIP = NO;
				DEBUG_INFORMATION_FORMAT = dwarf;
				ENABLE_STRICT_OBJC_MSGSEND = YES;
				ENABLE_TESTABILITY = YES;
				GCC_C_LANGUAGE_STANDARD = gnu11;
				GCC_DYNAMIC_NO_PIC = NO;
				GCC_NO_COMMON_BLOCKS = YES;
				GCC_OPTIMIZATION_LEVEL = 0;
				GCC_PREPROCESSOR_DEFINITIONS = (
					"DEBUG=1",
					"$(inherited)",
				);
				GCC_WARN_64_TO_32_BIT_CONVERSION = YES;
				GCC_WARN_ABOUT_RETURN_TYPE = YES_ERROR;
				GCC_WARN_UNDECLARED_SELECTOR = YES;
				GCC_WARN_UNINITIALIZED_AUTOS = YES_AGGRESSIVE;
				GCC_WARN_UNUSED_FUNCTION = YES;
				GCC_WARN_UNUSED_VARIABLE = YES;
				IPHONEOS_DEPLOYMENT_TARGET = 16.4;
				MTL_ENABLE_DEBUG_INFO = INCLUDE_SOURCE;
				MTL_FAST_MATH = YES;
				ONLY_ACTIVE_ARCH = YES;
				SDKROOT = iphoneos;
				SWIFT_ACTIVE_COMPILATION_CONDITIONS = DEBUG;
				SWIFT_OPTIMIZATION_LEVEL = "-Onone";
			};
			name = Debug;
		};
		2053F23629E4ECF700E9925E /* Release */ = {
			isa = XCBuildConfiguration;
			buildSettings = {
				ALWAYS_SEARCH_USER_PATHS = NO;
				CLANG_ANALYZER_NONNULL = YES;
				CLANG_ANALYZER_NUMBER_OBJECT_CONVERSION = YES_AGGRESSIVE;
				CLANG_CXX_LANGUAGE_STANDARD = "gnu++20";
				CLANG_ENABLE_MODULES = YES;
				CLANG_ENABLE_OBJC_ARC = YES;
				CLANG_ENABLE_OBJC_WEAK = YES;
				CLANG_WARN_BLOCK_CAPTURE_AUTORELEASING = YES;
				CLANG_WARN_BOOL_CONVERSION = YES;
				CLANG_WARN_COMMA = YES;
				CLANG_WARN_CONSTANT_CONVERSION = YES;
				CLANG_WARN_DEPRECATED_OBJC_IMPLEMENTATIONS = YES;
				CLANG_WARN_DIRECT_OBJC_ISA_USAGE = YES_ERROR;
				CLANG_WARN_DOCUMENTATION_COMMENTS = YES;
				CLANG_WARN_EMPTY_BODY = YES;
				CLANG_WARN_ENUM_CONVERSION = YES;
				CLANG_WARN_INFINITE_RECURSION = YES;
				CLANG_WARN_INT_CONVERSION = YES;
				CLANG_WARN_NON_LITERAL_NULL_CONVERSION = YES;
				CLANG_WARN_OBJC_IMPLICIT_RETAIN_SELF = YES;
				CLANG_WARN_OBJC_LITERAL_CONVERSION = YES;
				CLANG_WARN_OBJC_ROOT_CLASS = YES_ERROR;
				CLANG_WARN_QUOTED_INCLUDE_IN_FRAMEWORK_HEADER = YES;
				CLANG_WARN_RANGE_LOOP_ANALYSIS = YES;
				CLANG_WARN_STRICT_PROTOTYPES = YES;
				CLANG_WARN_SUSPICIOUS_MOVE = YES;
				CLANG_WARN_UNGUARDED_AVAILABILITY = YES_AGGRESSIVE;
				CLANG_WARN_UNREACHABLE_CODE = YES;
				CLANG_WARN__DUPLICATE_METHOD_MATCH = YES;
				COPY_PHASE_STRIP = NO;
				DEBUG_INFORMATION_FORMAT = "dwarf-with-dsym";
				ENABLE_NS_ASSERTIONS = NO;
				ENABLE_STRICT_OBJC_MSGSEND = YES;
				GCC_C_LANGUAGE_STANDARD = gnu11;
				GCC_NO_COMMON_BLOCKS = YES;
				GCC_WARN_64_TO_32_BIT_CONVERSION = YES;
				GCC_WARN_ABOUT_RETURN_TYPE = YES_ERROR;
				GCC_WARN_UNDECLARED_SELECTOR = YES;
				GCC_WARN_UNINITIALIZED_AUTOS = YES_AGGRESSIVE;
				GCC_WARN_UNUSED_FUNCTION = YES;
				GCC_WARN_UNUSED_VARIABLE = YES;
				IPHONEOS_DEPLOYMENT_TARGET = 16.4;
				MTL_ENABLE_DEBUG_INFO = NO;
				MTL_FAST_MATH = YES;
				SDKROOT = iphoneos;
				SWIFT_COMPILATION_MODE = wholemodule;
				SWIFT_OPTIMIZATION_LEVEL = "-O";
				VALIDATE_PRODUCT = YES;
			};
			name = Release;
		};
		2053F23829E4ECF700E9925E /* Debug */ = {
			isa = XCBuildConfiguration;
			buildSettings = {
				ASSETCATALOG_COMPILER_APPICON_NAME = AppIcon;
				ASSETCATALOG_COMPILER_GLOBAL_ACCENT_COLOR_NAME = AccentColor;
				CODE_SIGN_STYLE = Automatic;
				CURRENT_PROJECT_VERSION = 1;
				DEVELOPMENT_ASSET_PATHS = "\"Landmarks/Preview Content\"";
				ENABLE_PREVIEWS = YES;
				GENERATE_INFOPLIST_FILE = YES;
				INFOPLIST_KEY_UIApplicationSceneManifest_Generation = YES;
				INFOPLIST_KEY_UIApplicationSupportsIndirectInputEvents = YES;
				INFOPLIST_KEY_UILaunchScreen_Generation = YES;
				INFOPLIST_KEY_UISupportedInterfaceOrientations_iPad = "UIInterfaceOrientationPortrait UIInterfaceOrientationPortraitUpsideDown UIInterfaceOrientationLandscapeLeft UIInterfaceOrientationLandscapeRight";
				INFOPLIST_KEY_UISupportedInterfaceOrientations_iPhone = "UIInterfaceOrientationPortrait UIInterfaceOrientationLandscapeLeft UIInterfaceOrientationLandscapeRight";
				LD_RUNPATH_SEARCH_PATHS = (
					"$(inherited)",
					"@executable_path/Frameworks",
				);
				MARKETING_VERSION = 1.0;
				PRODUCT_BUNDLE_IDENTIFIER = com.uc.swastika.Landmarks;
				PRODUCT_NAME = "$(TARGET_NAME)";
				SWIFT_EMIT_LOC_STRINGS = YES;
				SWIFT_VERSION = 5.0;
				TARGETED_DEVICE_FAMILY = "1,2";
			};
			name = Debug;
		};
		2053F23929E4ECF700E9925E /* Release */ = {
			isa = XCBuildConfiguration;
			buildSettings = {
				ASSETCATALOG_COMPILER_APPICON_NAME = AppIcon;
				ASSETCATALOG_COMPILER_GLOBAL_ACCENT_COLOR_NAME = AccentColor;
				CODE_SIGN_STYLE = Automatic;
				CURRENT_PROJECT_VERSION = 1;
				DEVELOPMENT_ASSET_PATHS = "\"Landmarks/Preview Content\"";
				ENABLE_PREVIEWS = YES;
				GENERATE_INFOPLIST_FILE = YES;
				INFOPLIST_KEY_UIApplicationSceneManifest_Generation = YES;
				INFOPLIST_KEY_UIApplicationSupportsIndirectInputEvents = YES;
				INFOPLIST_KEY_UILaunchScreen_Generation = YES;
				INFOPLIST_KEY_UISupportedInterfaceOrientations_iPad = "UIInterfaceOrientationPortrait UIInterfaceOrientationPortraitUpsideDown UIInterfaceOrientationLandscapeLeft UIInterfaceOrientationLandscapeRight";
				INFOPLIST_KEY_UISupportedInterfaceOrientations_iPhone = "UIInterfaceOrientationPortrait UIInterfaceOrientationLandscapeLeft UIInterfaceOrientationLandscapeRight";
				LD_RUNPATH_SEARCH_PATHS = (
					"$(inherited)",
					"@executable_path/Frameworks",
				);
				MARKETING_VERSION = 1.0;
				PRODUCT_BUNDLE_IDENTIFIER = com.uc.swastika.Landmarks;
				PRODUCT_NAME = "$(TARGET_NAME)";
				SWIFT_EMIT_LOC_STRINGS = YES;
				SWIFT_VERSION = 5.0;
				TARGETED_DEVICE_FAMILY = "1,2";
			};
			name = Release;
		};
/* End XCBuildConfiguration section */

/* Begin XCConfigurationList section */
		2053F22429E4ECF600E9925E /* Build configuration list for PBXProject "Landmarks" */ = {
			isa = XCConfigurationList;
			buildConfigurations = (
				2053F23529E4ECF700E9925E /* Debug */,
				2053F23629E4ECF700E9925E /* Release */,
			);
			defaultConfigurationIsVisible = 0;
			defaultConfigurationName = Release;
		};
		2053F23729E4ECF700E9925E /* Build configuration list for PBXNativeTarget "Landmarks" */ = {
			isa = XCConfigurationList;
			buildConfigurations = (
				2053F23829E4ECF700E9925E /* Debug */,
				2053F23929E4ECF700E9925E /* Release */,
			);
			defaultConfigurationIsVisible = 0;
			defaultConfigurationName = Release;
		};
/* End XCConfigurationList section */
	};
	rootObject = 2053F22129E4ECF600E9925E /* Project object */;
}
